
Microsoft Visual Studio Solution File, Format Version 12.00
# Visual Studio Version 17
VisualStudioVersion = 17.10.35027.167
MinimumVisualStudioVersion = 10.0.40219.1
Project("{2150E333-8FDC-42A3-9474-1A3956D46DE8}") = "Adapters", "Adapters", "{1B09862E-B90D-4D4B-BB21-CDC334ADAB98}"
EndProject
Project("{2150E333-8FDC-42A3-9474-1A3956D46DE8}") = "Driven", "Driven", "{ADC12148-2A20-4955-8712-902F3D823BF5}"
EndProject
Project("{2150E333-8FDC-42A3-9474-1A3956D46DE8}") = "Infrastructure", "Infrastructure", "{0B4C2258-7DF2-45F0-B86E-F62C000E4A4A}"
EndProject
Project("{2150E333-8FDC-42A3-9474-1A3956D46DE8}") = "Drivers", "Drivers", "{89087BEB-0E99-4188-852F-67322AE3DA62}"
EndProject
Project("{2150E333-8FDC-42A3-9474-1A3956D46DE8}") = "Core", "Core", "{26576585-5DC5-49D0-B589-B2781270538F}"
EndProject
Project("{2150E333-8FDC-42A3-9474-1A3956D46DE8}") = "Aplication", "Aplication", "{D33BFEB2-D770-420B-A8D3-D9335E6FF344}"
EndProject
Project("{2150E333-8FDC-42A3-9474-1A3956D46DE8}") = "Domain", "Domain", "{2D2E6201-DA48-46DA-A4A9-FEFC51A34C44}"
EndProject
Project("{2150E333-8FDC-42A3-9474-1A3956D46DE8}") = "WebApi", "WebApi", "{43A0DD48-E371-49B6-A6D6-DDFF10632274}"
EndProject
Project("{FAE04EC0-301F-11D3-BF4B-00C04F79EFBC}") = "Ambev.Base.Infrastructure.Query.Orm", "..\Base\src\Ambev.Base.Infrastructure.Query.Orm\Ambev.Base.Infrastructure.Query.Orm.csproj", "{D13A50A5-8182-4FC8-9D70-F72F93BED40D}"
EndProject
Project("{FAE04EC0-301F-11D3-BF4B-00C04F79EFBC}") = "Ambev.Base.Domain", "..\Base\src\Ambev.Base.Domain\Ambev.Base.Domain.csproj", "{C4B88AB0-4B33-44C6-8E1D-B411BE86C86C}"
EndProject
Project("{FAE04EC0-301F-11D3-BF4B-00C04F79EFBC}") = "Ambev.Base.Infrastructure.Messaging.Rebus", "..\Base\src\Ambev.Base.Infrastructure.Messaging.Rebus\Ambev.Base.Infrastructure.Messaging.Rebus.csproj", "{7E664000-D48C-40E4-AF8A-F7F3C03AF2CD}"
EndProject
Project("{FAE04EC0-301F-11D3-BF4B-00C04F79EFBC}") = "Ambev.Base.Infrastructure.Messaging", "..\Base\src\Ambev.Base.Infrastructure.Messaging\Ambev.Base.Infrastructure.Messaging.csproj", "{E874237A-FA28-4DD5-94C3-12304FEEFB59}"
EndProject
Project("{FAE04EC0-301F-11D3-BF4B-00C04F79EFBC}") = "Ambev.Base.WebApi", "..\Base\src\Ambev.Base.WebApi\Ambev.Base.WebApi.csproj", "{1E1FD046-B0AB-4134-A667-C868C87E0AC8}"
EndProject
Project("{FAE04EC0-301F-11D3-BF4B-00C04F79EFBC}") = "Ambev.Sale.Query.Domain", "src\Ambev.Sale.Query\Ambev.Sale.Query.Domain\Ambev.Sale.Query.Domain.csproj", "{F447B838-DB8B-45B5-B276-C68AF5009399}"
EndProject
Project("{2150E333-8FDC-42A3-9474-1A3956D46DE8}") = "Base", "Base", "{EAC849A0-1441-4594-8BC6-08AC7FA731AB}"
EndProject
Project("{FAE04EC0-301F-11D3-BF4B-00C04F79EFBC}") = "Ambev.Base.Infrastructure.Command.Orm", "..\Base\src\Ambev.Base.Infrastructure.Command.Orm\Ambev.Base.Infrastructure.Command.Orm.csproj", "{4F83E7A7-B21B-4082-BFB7-8A683C3D4DB9}"
EndProject
Project("{FAE04EC0-301F-11D3-BF4B-00C04F79EFBC}") = "Ambev.Sale.Query.Consumer.Domain", "src\Ambev.Sale.Query.Consumer\Ambev.Sale.Query.Consumer.Domain\Ambev.Sale.Query.Consumer.Domain.csproj", "{4A6CD847-4B7E-40AE-A0A2-93BC64DFE14C}"
EndProject
Project("{FAE04EC0-301F-11D3-BF4B-00C04F79EFBC}") = "Ambev.Sale.Query.Consumer.WebApi", "src\Ambev.Sale.Query.Consumer\Ambev.Sale.Query.Consumer.WebApi\Ambev.Sale.Query.Consumer.WebApi.csproj", "{C5E7BB5D-B1FF-4026-8F36-4A16CAC698B1}"
EndProject
Project("{FAE04EC0-301F-11D3-BF4B-00C04F79EFBC}") = "Ambev.Sale.Query.Consumer.Infrastructure.Orm", "src\Ambev.Sale.Query.Consumer\Ambev.Sale.Query.Consumer.Infrastructure.Orm\Ambev.Sale.Query.Consumer.Infrastructure.Orm.csproj", "{7D5D7850-F530-4E65-8AE0-9DAA73739856}"
EndProject
Project("{FAE04EC0-301F-11D3-BF4B-00C04F79EFBC}") = "Ambev.Sale.Query.Infrastructure.Orm", "src\Ambev.Sale.Query\Ambev.Sale.Query.Infrastructure.Orm\Ambev.Sale.Query.Infrastructure.Orm.csproj", "{87746359-841D-4E70-BEB7-DA0165B82588}"
EndProject
Project("{2150E333-8FDC-42A3-9474-1A3956D46DE8}") = "Query", "Query", "{47D00831-BEDE-4D91-B650-94A880C7141F}"
EndProject
Project("{2150E333-8FDC-42A3-9474-1A3956D46DE8}") = "Base", "Base", "{32E45E79-FAB7-4740-BBC5-4CE9BF9F242B}"
EndProject
Project("{2150E333-8FDC-42A3-9474-1A3956D46DE8}") = "Query", "Query", "{CB52DDAC-7C7F-482D-B95B-7AA29CC21ADD}"
EndProject
Project("{FAE04EC0-301F-11D3-BF4B-00C04F79EFBC}") = "Ambev.Sale.Contracts", "src\Ambev.Sale.Contracts\Ambev.Sale.Contracts.csproj", "{ACAAC8D6-1D1F-471B-80C6-1A40C44ADCEB}"
EndProject
Project("{2150E333-8FDC-42A3-9474-1A3956D46DE8}") = "Base", "Base", "{249A3DAD-FCC9-4286-87A4-8DD6328A180D}"
EndProject
Global
	GlobalSection(SolutionConfigurationPlatforms) = preSolution
		Debug|Any CPU = Debug|Any CPU
		Release|Any CPU = Release|Any CPU
	EndGlobalSection
	GlobalSection(ProjectConfigurationPlatforms) = postSolution
		{D13A50A5-8182-4FC8-9D70-F72F93BED40D}.Debug|Any CPU.ActiveCfg = Debug|Any CPU
		{D13A50A5-8182-4FC8-9D70-F72F93BED40D}.Debug|Any CPU.Build.0 = Debug|Any CPU
		{D13A50A5-8182-4FC8-9D70-F72F93BED40D}.Release|Any CPU.ActiveCfg = Release|Any CPU
		{D13A50A5-8182-4FC8-9D70-F72F93BED40D}.Release|Any CPU.Build.0 = Release|Any CPU
		{C4B88AB0-4B33-44C6-8E1D-B411BE86C86C}.Debug|Any CPU.ActiveCfg = Debug|Any CPU
		{C4B88AB0-4B33-44C6-8E1D-B411BE86C86C}.Debug|Any CPU.Build.0 = Debug|Any CPU
		{C4B88AB0-4B33-44C6-8E1D-B411BE86C86C}.Release|Any CPU.ActiveCfg = Release|Any CPU
		{C4B88AB0-4B33-44C6-8E1D-B411BE86C86C}.Release|Any CPU.Build.0 = Release|Any CPU
		{7E664000-D48C-40E4-AF8A-F7F3C03AF2CD}.Debug|Any CPU.ActiveCfg = Debug|Any CPU
		{7E664000-D48C-40E4-AF8A-F7F3C03AF2CD}.Debug|Any CPU.Build.0 = Debug|Any CPU
		{7E664000-D48C-40E4-AF8A-F7F3C03AF2CD}.Release|Any CPU.ActiveCfg = Release|Any CPU
		{7E664000-D48C-40E4-AF8A-F7F3C03AF2CD}.Release|Any CPU.Build.0 = Release|Any CPU
		{E874237A-FA28-4DD5-94C3-12304FEEFB59}.Debug|Any CPU.ActiveCfg = Debug|Any CPU
		{E874237A-FA28-4DD5-94C3-12304FEEFB59}.Debug|Any CPU.Build.0 = Debug|Any CPU
		{E874237A-FA28-4DD5-94C3-12304FEEFB59}.Release|Any CPU.ActiveCfg = Release|Any CPU
		{E874237A-FA28-4DD5-94C3-12304FEEFB59}.Release|Any CPU.Build.0 = Release|Any CPU
		{1E1FD046-B0AB-4134-A667-C868C87E0AC8}.Debug|Any CPU.ActiveCfg = Debug|Any CPU
		{1E1FD046-B0AB-4134-A667-C868C87E0AC8}.Debug|Any CPU.Build.0 = Debug|Any CPU
		{1E1FD046-B0AB-4134-A667-C868C87E0AC8}.Release|Any CPU.ActiveCfg = Release|Any CPU
		{1E1FD046-B0AB-4134-A667-C868C87E0AC8}.Release|Any CPU.Build.0 = Release|Any CPU
		{F447B838-DB8B-45B5-B276-C68AF5009399}.Debug|Any CPU.ActiveCfg = Debug|Any CPU
		{F447B838-DB8B-45B5-B276-C68AF5009399}.Debug|Any CPU.Build.0 = Debug|Any CPU
		{F447B838-DB8B-45B5-B276-C68AF5009399}.Release|Any CPU.ActiveCfg = Release|Any CPU
		{F447B838-DB8B-45B5-B276-C68AF5009399}.Release|Any CPU.Build.0 = Release|Any CPU
		{4F83E7A7-B21B-4082-BFB7-8A683C3D4DB9}.Debug|Any CPU.ActiveCfg = Debug|Any CPU
		{4F83E7A7-B21B-4082-BFB7-8A683C3D4DB9}.Debug|Any CPU.Build.0 = Debug|Any CPU
		{4F83E7A7-B21B-4082-BFB7-8A683C3D4DB9}.Release|Any CPU.ActiveCfg = Release|Any CPU
		{4F83E7A7-B21B-4082-BFB7-8A683C3D4DB9}.Release|Any CPU.Build.0 = Release|Any CPU
		{4A6CD847-4B7E-40AE-A0A2-93BC64DFE14C}.Debug|Any CPU.ActiveCfg = Debug|Any CPU
		{4A6CD847-4B7E-40AE-A0A2-93BC64DFE14C}.Debug|Any CPU.Build.0 = Debug|Any CPU
		{4A6CD847-4B7E-40AE-A0A2-93BC64DFE14C}.Release|Any CPU.ActiveCfg = Release|Any CPU
		{4A6CD847-4B7E-40AE-A0A2-93BC64DFE14C}.Release|Any CPU.Build.0 = Release|Any CPU
		{C5E7BB5D-B1FF-4026-8F36-4A16CAC698B1}.Debug|Any CPU.ActiveCfg = Debug|Any CPU
		{C5E7BB5D-B1FF-4026-8F36-4A16CAC698B1}.Debug|Any CPU.Build.0 = Debug|Any CPU
		{C5E7BB5D-B1FF-4026-8F36-4A16CAC698B1}.Release|Any CPU.ActiveCfg = Release|Any CPU
		{C5E7BB5D-B1FF-4026-8F36-4A16CAC698B1}.Release|Any CPU.Build.0 = Release|Any CPU
		{7D5D7850-F530-4E65-8AE0-9DAA73739856}.Debug|Any CPU.ActiveCfg = Debug|Any CPU
		{7D5D7850-F530-4E65-8AE0-9DAA73739856}.Debug|Any CPU.Build.0 = Debug|Any CPU
		{7D5D7850-F530-4E65-8AE0-9DAA73739856}.Release|Any CPU.ActiveCfg = Release|Any CPU
		{7D5D7850-F530-4E65-8AE0-9DAA73739856}.Release|Any CPU.Build.0 = Release|Any CPU
		{87746359-841D-4E70-BEB7-DA0165B82588}.Debug|Any CPU.ActiveCfg = Debug|Any CPU
		{87746359-841D-4E70-BEB7-DA0165B82588}.Debug|Any CPU.Build.0 = Debug|Any CPU
		{87746359-841D-4E70-BEB7-DA0165B82588}.Release|Any CPU.ActiveCfg = Release|Any CPU
		{87746359-841D-4E70-BEB7-DA0165B82588}.Release|Any CPU.Build.0 = Release|Any CPU
		{ACAAC8D6-1D1F-471B-80C6-1A40C44ADCEB}.Debug|Any CPU.ActiveCfg = Debug|Any CPU
		{ACAAC8D6-1D1F-471B-80C6-1A40C44ADCEB}.Debug|Any CPU.Build.0 = Debug|Any CPU
		{ACAAC8D6-1D1F-471B-80C6-1A40C44ADCEB}.Release|Any CPU.ActiveCfg = Release|Any CPU
		{ACAAC8D6-1D1F-471B-80C6-1A40C44ADCEB}.Release|Any CPU.Build.0 = Release|Any CPU
	EndGlobalSection
	GlobalSection(SolutionProperties) = preSolution
		HideSolutionNode = FALSE
	EndGlobalSection
	GlobalSection(NestedProjects) = preSolution
		{ADC12148-2A20-4955-8712-902F3D823BF5} = {1B09862E-B90D-4D4B-BB21-CDC334ADAB98}
		{0B4C2258-7DF2-45F0-B86E-F62C000E4A4A} = {ADC12148-2A20-4955-8712-902F3D823BF5}
		{89087BEB-0E99-4188-852F-67322AE3DA62} = {1B09862E-B90D-4D4B-BB21-CDC334ADAB98}
		{D33BFEB2-D770-420B-A8D3-D9335E6FF344} = {26576585-5DC5-49D0-B589-B2781270538F}
		{2D2E6201-DA48-46DA-A4A9-FEFC51A34C44} = {26576585-5DC5-49D0-B589-B2781270538F}
		{43A0DD48-E371-49B6-A6D6-DDFF10632274} = {89087BEB-0E99-4188-852F-67322AE3DA62}
		{D13A50A5-8182-4FC8-9D70-F72F93BED40D} = {EAC849A0-1441-4594-8BC6-08AC7FA731AB}
		{C4B88AB0-4B33-44C6-8E1D-B411BE86C86C} = {32E45E79-FAB7-4740-BBC5-4CE9BF9F242B}
		{7E664000-D48C-40E4-AF8A-F7F3C03AF2CD} = {EAC849A0-1441-4594-8BC6-08AC7FA731AB}
		{E874237A-FA28-4DD5-94C3-12304FEEFB59} = {EAC849A0-1441-4594-8BC6-08AC7FA731AB}
		{1E1FD046-B0AB-4134-A667-C868C87E0AC8} = {249A3DAD-FCC9-4286-87A4-8DD6328A180D}
		{F447B838-DB8B-45B5-B276-C68AF5009399} = {CB52DDAC-7C7F-482D-B95B-7AA29CC21ADD}
		{EAC849A0-1441-4594-8BC6-08AC7FA731AB} = {0B4C2258-7DF2-45F0-B86E-F62C000E4A4A}
		{4F83E7A7-B21B-4082-BFB7-8A683C3D4DB9} = {EAC849A0-1441-4594-8BC6-08AC7FA731AB}
		{4A6CD847-4B7E-40AE-A0A2-93BC64DFE14C} = {2D2E6201-DA48-46DA-A4A9-FEFC51A34C44}
		{C5E7BB5D-B1FF-4026-8F36-4A16CAC698B1} = {43A0DD48-E371-49B6-A6D6-DDFF10632274}
		{7D5D7850-F530-4E65-8AE0-9DAA73739856} = {0B4C2258-7DF2-45F0-B86E-F62C000E4A4A}
		{87746359-841D-4E70-BEB7-DA0165B82588} = {47D00831-BEDE-4D91-B650-94A880C7141F}
		{47D00831-BEDE-4D91-B650-94A880C7141F} = {0B4C2258-7DF2-45F0-B86E-F62C000E4A4A}
		{32E45E79-FAB7-4740-BBC5-4CE9BF9F242B} = {2D2E6201-DA48-46DA-A4A9-FEFC51A34C44}
		{CB52DDAC-7C7F-482D-B95B-7AA29CC21ADD} = {2D2E6201-DA48-46DA-A4A9-FEFC51A34C44}
		{ACAAC8D6-1D1F-471B-80C6-1A40C44ADCEB} = {26576585-5DC5-49D0-B589-B2781270538F}
		{249A3DAD-FCC9-4286-87A4-8DD6328A180D} = {43A0DD48-E371-49B6-A6D6-DDFF10632274}
	EndGlobalSection
	GlobalSection(ExtensibilityGlobals) = postSolution
		SolutionGuid = {13EAB81A-C6B2-4C22-B4DE-C6603FC445B6}
	EndGlobalSection
EndGlobal
