
Microsoft Visual Studio Solution File, Format Version 12.00
# Visual Studio Version 17
VisualStudioVersion = 17.10.35027.167
MinimumVisualStudioVersion = 10.0.40219.1
Project("{2150E333-8FDC-42A3-9474-1A3956D46DE8}") = "Adapters", "Adapters", "{1B09862E-B90D-4D4B-BB21-CDC334ADAB98}"
EndProject
Project("{2150E333-8FDC-42A3-9474-1A3956D46DE8}") = "Driven", "Driven", "{ADC12148-2A20-4955-8712-902F3D823BF5}"
EndProject
Project("{2150E333-8FDC-42A3-9474-1A3956D46DE8}") = "Infrastructure", "Infrastructure", "{0B4C2258-7DF2-45F0-B86E-F62C000E4A4A}"
EndProject
Project("{2150E333-8FDC-42A3-9474-1A3956D46DE8}") = "Drivers", "Drivers", "{89087BEB-0E99-4188-852F-67322AE3DA62}"
EndProject
Project("{2150E333-8FDC-42A3-9474-1A3956D46DE8}") = "Core", "Core", "{26576585-5DC5-49D0-B589-B2781270538F}"
EndProject
Project("{2150E333-8FDC-42A3-9474-1A3956D46DE8}") = "Aplication", "Aplication", "{D33BFEB2-D770-420B-A8D3-D9335E6FF344}"
EndProject
Project("{2150E333-8FDC-42A3-9474-1A3956D46DE8}") = "Domain", "Domain", "{2D2E6201-DA48-46DA-A4A9-FEFC51A34C44}"
EndProject
Project("{2150E333-8FDC-42A3-9474-1A3956D46DE8}") = "WebApi", "WebApi", "{43A0DD48-E371-49B6-A6D6-DDFF10632274}"
EndProject
Project("{FAE04EC0-301F-11D3-BF4B-00C04F79EFBC}") = "Ambev.Sale.Command.Infrastructure.Orm", "Sale\src\Ambev.Sale.Command\Ambev.Sale.Command.Infrastructure.Orm\Ambev.Sale.Command.Infrastructure.Orm.csproj", "{CC8B4506-DD81-4685-9539-E6A2BAEB6EA6}"
EndProject
Project("{FAE04EC0-301F-11D3-BF4B-00C04F79EFBC}") = "Ambev.Sale.Command.Domain", "Sale\src\Ambev.Sale.Command\Ambev.Sale.Command.Domain\Ambev.Sale.Command.Domain.csproj", "{D54639E9-A0F7-47A3-8100-398AB73CEAB1}"
EndProject
Project("{FAE04EC0-301F-11D3-BF4B-00C04F79EFBC}") = "Ambev.Sale.Command.WebApi", "Sale\src\Ambev.Sale.Command\Ambev.Sale.Command.WebApi\Ambev.Sale.Command.WebApi.csproj", "{11B3A755-1FA0-44CB-8F6D-F5BA7FEC0DDF}"
EndProject
Project("{FAE04EC0-301F-11D3-BF4B-00C04F79EFBC}") = "Ambev.Sale.Contracts", "Sale\src\Ambev.Sale.Contracts\Ambev.Sale.Contracts.csproj", "{DA35585B-AD65-4D3E-BB52-067479F46599}"
EndProject
Project("{2150E333-8FDC-42A3-9474-1A3956D46DE8}") = "Base", "Base", "{248BA673-D892-46B1-8804-E74BDFD1CD50}"
EndProject
Project("{2150E333-8FDC-42A3-9474-1A3956D46DE8}") = "Base", "Base", "{ECB66255-7711-4FA2-AF47-E685CBEC21EC}"
EndProject
Project("{2150E333-8FDC-42A3-9474-1A3956D46DE8}") = "Base", "Base", "{5E42409D-2B74-4CAE-AF61-1CDF0E88E010}"
EndProject
Project("{2150E333-8FDC-42A3-9474-1A3956D46DE8}") = "Sale", "Sale", "{22BAD48F-84D8-4E1F-81AF-E8A702D4CF73}"
EndProject
Project("{2150E333-8FDC-42A3-9474-1A3956D46DE8}") = "Sale", "Sale", "{6A72F8B3-9C0F-424A-B269-5BFAA707304A}"
EndProject
Project("{2150E333-8FDC-42A3-9474-1A3956D46DE8}") = "Sale", "Sale", "{7D35570C-F2F4-445B-A3BA-B811FB8E99FF}"
EndProject
Project("{2150E333-8FDC-42A3-9474-1A3956D46DE8}") = "Sale", "Sale", "{5052DCD1-A0CD-41F9-85E2-2F67484740C0}"
EndProject
Project("{FAE04EC0-301F-11D3-BF4B-00C04F79EFBC}") = "Ambev.Base.Domain", "Base\src\Ambev.Base.Domain\Ambev.Base.Domain.csproj", "{B1F5794A-ABFA-49FB-98FA-44491FB9619C}"
EndProject
Project("{FAE04EC0-301F-11D3-BF4B-00C04F79EFBC}") = "Ambev.Sale.Query.Domain", "Sale\src\Ambev.Sale.Query\Ambev.Sale.Query.Domain\Ambev.Sale.Query.Domain.csproj", "{DF4B0223-F0DE-48D2-8B3F-2F7ECE89B7CE}"
EndProject
Project("{FAE04EC0-301F-11D3-BF4B-00C04F79EFBC}") = "Ambev.Sale.Query.Consumer.Domain", "Sale\src\Ambev.Sale.Query.Consumer\Ambev.Sale.Query.Consumer.Domain\Ambev.Sale.Query.Consumer.Domain.csproj", "{78764FFF-ED77-45A7-9688-1971D0A60A1F}"
EndProject
Project("{FAE04EC0-301F-11D3-BF4B-00C04F79EFBC}") = "Ambev.Sale.Query.Application", "Sale\src\Ambev.Sale.Query\Ambev.Sale.Query.Application\Ambev.Sale.Query.Application.csproj", "{29416D65-D52A-42E1-8A3B-F1F3341ADD51}"
EndProject
Project("{FAE04EC0-301F-11D3-BF4B-00C04F79EFBC}") = "Ambev.Sale.Command.Application", "Sale\src\Ambev.Sale.Command\Ambev.Sale.Command.Application\Ambev.Sale.Command.Application.csproj", "{6F0D35F0-5879-49FC-92C2-84F32325A380}"
EndProject
Project("{FAE04EC0-301F-11D3-BF4B-00C04F79EFBC}") = "Ambev.Sale.Query.WebApi", "Sale\src\Ambev.Sale.Query\Ambev.Sale.Query.WebApi\Ambev.Sale.Query.WebApi.csproj", "{25FD1AEC-84FA-473E-82EA-E239E58E4449}"
EndProject
Project("{FAE04EC0-301F-11D3-BF4B-00C04F79EFBC}") = "Ambev.Sale.Query.Consumer.WebApi", "Sale\src\Ambev.Sale.Query.Consumer\Ambev.Sale.Query.Consumer.WebApi\Ambev.Sale.Query.Consumer.WebApi.csproj", "{AB94C00D-CB12-467B-B6BB-64D52923BEE3}"
EndProject
Project("{FAE04EC0-301F-11D3-BF4B-00C04F79EFBC}") = "Ambev.Base.WebApi", "Base\src\Ambev.Base.WebApi\Ambev.Base.WebApi.csproj", "{A9ECD75F-F891-416B-957F-E9D4297F1FC0}"
EndProject
Project("{FAE04EC0-301F-11D3-BF4B-00C04F79EFBC}") = "Ambev.Sale.Query.Infrastructure.Orm", "Sale\src\Ambev.Sale.Query\Ambev.Sale.Query.Infrastructure.Orm\Ambev.Sale.Query.Infrastructure.Orm.csproj", "{27DB90E3-C06E-435E-8981-B15F67B4FFDC}"
EndProject
Project("{FAE04EC0-301F-11D3-BF4B-00C04F79EFBC}") = "Ambev.Sale.Query.Consumer.Infrastructure.Orm", "Sale\src\Ambev.Sale.Query.Consumer\Ambev.Sale.Query.Consumer.Infrastructure.Orm\Ambev.Sale.Query.Consumer.Infrastructure.Orm.csproj", "{E4A8AF00-3D5C-47C9-A7E0-C2D53221E73A}"
EndProject
Project("{FAE04EC0-301F-11D3-BF4B-00C04F79EFBC}") = "Ambev.Base.Infrastructure.Command.Orm", "Base\src\Ambev.Base.Infrastructure.Command.Orm\Ambev.Base.Infrastructure.Command.Orm.csproj", "{BFAA052D-4410-4A5A-84BD-1C104198DC20}"
EndProject
Project("{FAE04EC0-301F-11D3-BF4B-00C04F79EFBC}") = "Ambev.Base.Infrastructure.Messaging", "Base\src\Ambev.Base.Infrastructure.Messaging\Ambev.Base.Infrastructure.Messaging.csproj", "{079357E8-A245-4804-98F4-7F7D3947B55B}"
EndProject
Project("{FAE04EC0-301F-11D3-BF4B-00C04F79EFBC}") = "Ambev.Base.Infrastructure.Messaging.Rebus", "Base\src\Ambev.Base.Infrastructure.Messaging.Rebus\Ambev.Base.Infrastructure.Messaging.Rebus.csproj", "{214323EB-66FB-4461-8771-BF9B09E297ED}"
EndProject
Project("{FAE04EC0-301F-11D3-BF4B-00C04F79EFBC}") = "Ambev.Base.Infrastructure.Query.Orm", "Base\src\Ambev.Base.Infrastructure.Query.Orm\Ambev.Base.Infrastructure.Query.Orm.csproj", "{98D3CA27-4233-4A9E-9A48-7C186446CD11}"
EndProject
Project("{2150E333-8FDC-42A3-9474-1A3956D46DE8}") = "Itens de Solução", "Itens de Solução", "{914E1885-010E-4781-A74E-99FFCA5D809A}"
EndProject
Project("{E53339B2-1760-4266-BCC7-CA923CBCF16C}") = "docker-compose", "docker-compose.dcproj", "{EED386E9-C081-42ED-8E2D-DDEE0E528516}"
EndProject
Global
	GlobalSection(SolutionConfigurationPlatforms) = preSolution
		Debug|Any CPU = Debug|Any CPU
		Release|Any CPU = Release|Any CPU
	EndGlobalSection
	GlobalSection(ProjectConfigurationPlatforms) = postSolution
		{CC8B4506-DD81-4685-9539-E6A2BAEB6EA6}.Debug|Any CPU.ActiveCfg = Debug|Any CPU
		{CC8B4506-DD81-4685-9539-E6A2BAEB6EA6}.Debug|Any CPU.Build.0 = Debug|Any CPU
		{CC8B4506-DD81-4685-9539-E6A2BAEB6EA6}.Release|Any CPU.ActiveCfg = Release|Any CPU
		{CC8B4506-DD81-4685-9539-E6A2BAEB6EA6}.Release|Any CPU.Build.0 = Release|Any CPU
		{D54639E9-A0F7-47A3-8100-398AB73CEAB1}.Debug|Any CPU.ActiveCfg = Debug|Any CPU
		{D54639E9-A0F7-47A3-8100-398AB73CEAB1}.Debug|Any CPU.Build.0 = Debug|Any CPU
		{D54639E9-A0F7-47A3-8100-398AB73CEAB1}.Release|Any CPU.ActiveCfg = Release|Any CPU
		{D54639E9-A0F7-47A3-8100-398AB73CEAB1}.Release|Any CPU.Build.0 = Release|Any CPU
		{11B3A755-1FA0-44CB-8F6D-F5BA7FEC0DDF}.Debug|Any CPU.ActiveCfg = Debug|Any CPU
		{11B3A755-1FA0-44CB-8F6D-F5BA7FEC0DDF}.Debug|Any CPU.Build.0 = Debug|Any CPU
		{11B3A755-1FA0-44CB-8F6D-F5BA7FEC0DDF}.Release|Any CPU.ActiveCfg = Release|Any CPU
		{11B3A755-1FA0-44CB-8F6D-F5BA7FEC0DDF}.Release|Any CPU.Build.0 = Release|Any CPU
		{DA35585B-AD65-4D3E-BB52-067479F46599}.Debug|Any CPU.ActiveCfg = Debug|Any CPU
		{DA35585B-AD65-4D3E-BB52-067479F46599}.Debug|Any CPU.Build.0 = Debug|Any CPU
		{DA35585B-AD65-4D3E-BB52-067479F46599}.Release|Any CPU.ActiveCfg = Release|Any CPU
		{DA35585B-AD65-4D3E-BB52-067479F46599}.Release|Any CPU.Build.0 = Release|Any CPU
		{B1F5794A-ABFA-49FB-98FA-44491FB9619C}.Debug|Any CPU.ActiveCfg = Debug|Any CPU
		{B1F5794A-ABFA-49FB-98FA-44491FB9619C}.Debug|Any CPU.Build.0 = Debug|Any CPU
		{B1F5794A-ABFA-49FB-98FA-44491FB9619C}.Release|Any CPU.ActiveCfg = Release|Any CPU
		{B1F5794A-ABFA-49FB-98FA-44491FB9619C}.Release|Any CPU.Build.0 = Release|Any CPU
		{DF4B0223-F0DE-48D2-8B3F-2F7ECE89B7CE}.Debug|Any CPU.ActiveCfg = Debug|Any CPU
		{DF4B0223-F0DE-48D2-8B3F-2F7ECE89B7CE}.Debug|Any CPU.Build.0 = Debug|Any CPU
		{DF4B0223-F0DE-48D2-8B3F-2F7ECE89B7CE}.Release|Any CPU.ActiveCfg = Release|Any CPU
		{DF4B0223-F0DE-48D2-8B3F-2F7ECE89B7CE}.Release|Any CPU.Build.0 = Release|Any CPU
		{78764FFF-ED77-45A7-9688-1971D0A60A1F}.Debug|Any CPU.ActiveCfg = Debug|Any CPU
		{78764FFF-ED77-45A7-9688-1971D0A60A1F}.Debug|Any CPU.Build.0 = Debug|Any CPU
		{78764FFF-ED77-45A7-9688-1971D0A60A1F}.Release|Any CPU.ActiveCfg = Release|Any CPU
		{78764FFF-ED77-45A7-9688-1971D0A60A1F}.Release|Any CPU.Build.0 = Release|Any CPU
		{29416D65-D52A-42E1-8A3B-F1F3341ADD51}.Debug|Any CPU.ActiveCfg = Debug|Any CPU
		{29416D65-D52A-42E1-8A3B-F1F3341ADD51}.Debug|Any CPU.Build.0 = Debug|Any CPU
		{29416D65-D52A-42E1-8A3B-F1F3341ADD51}.Release|Any CPU.ActiveCfg = Release|Any CPU
		{29416D65-D52A-42E1-8A3B-F1F3341ADD51}.Release|Any CPU.Build.0 = Release|Any CPU
		{6F0D35F0-5879-49FC-92C2-84F32325A380}.Debug|Any CPU.ActiveCfg = Debug|Any CPU
		{6F0D35F0-5879-49FC-92C2-84F32325A380}.Debug|Any CPU.Build.0 = Debug|Any CPU
		{6F0D35F0-5879-49FC-92C2-84F32325A380}.Release|Any CPU.ActiveCfg = Release|Any CPU
		{6F0D35F0-5879-49FC-92C2-84F32325A380}.Release|Any CPU.Build.0 = Release|Any CPU
		{25FD1AEC-84FA-473E-82EA-E239E58E4449}.Debug|Any CPU.ActiveCfg = Debug|Any CPU
		{25FD1AEC-84FA-473E-82EA-E239E58E4449}.Debug|Any CPU.Build.0 = Debug|Any CPU
		{25FD1AEC-84FA-473E-82EA-E239E58E4449}.Release|Any CPU.ActiveCfg = Release|Any CPU
		{25FD1AEC-84FA-473E-82EA-E239E58E4449}.Release|Any CPU.Build.0 = Release|Any CPU
		{AB94C00D-CB12-467B-B6BB-64D52923BEE3}.Debug|Any CPU.ActiveCfg = Debug|Any CPU
		{AB94C00D-CB12-467B-B6BB-64D52923BEE3}.Debug|Any CPU.Build.0 = Debug|Any CPU
		{AB94C00D-CB12-467B-B6BB-64D52923BEE3}.Release|Any CPU.ActiveCfg = Release|Any CPU
		{AB94C00D-CB12-467B-B6BB-64D52923BEE3}.Release|Any CPU.Build.0 = Release|Any CPU
		{A9ECD75F-F891-416B-957F-E9D4297F1FC0}.Debug|Any CPU.ActiveCfg = Debug|Any CPU
		{A9ECD75F-F891-416B-957F-E9D4297F1FC0}.Debug|Any CPU.Build.0 = Debug|Any CPU
		{A9ECD75F-F891-416B-957F-E9D4297F1FC0}.Release|Any CPU.ActiveCfg = Release|Any CPU
		{A9ECD75F-F891-416B-957F-E9D4297F1FC0}.Release|Any CPU.Build.0 = Release|Any CPU
		{27DB90E3-C06E-435E-8981-B15F67B4FFDC}.Debug|Any CPU.ActiveCfg = Debug|Any CPU
		{27DB90E3-C06E-435E-8981-B15F67B4FFDC}.Debug|Any CPU.Build.0 = Debug|Any CPU
		{27DB90E3-C06E-435E-8981-B15F67B4FFDC}.Release|Any CPU.ActiveCfg = Release|Any CPU
		{27DB90E3-C06E-435E-8981-B15F67B4FFDC}.Release|Any CPU.Build.0 = Release|Any CPU
		{E4A8AF00-3D5C-47C9-A7E0-C2D53221E73A}.Debug|Any CPU.ActiveCfg = Debug|Any CPU
		{E4A8AF00-3D5C-47C9-A7E0-C2D53221E73A}.Debug|Any CPU.Build.0 = Debug|Any CPU
		{E4A8AF00-3D5C-47C9-A7E0-C2D53221E73A}.Release|Any CPU.ActiveCfg = Release|Any CPU
		{E4A8AF00-3D5C-47C9-A7E0-C2D53221E73A}.Release|Any CPU.Build.0 = Release|Any CPU
		{BFAA052D-4410-4A5A-84BD-1C104198DC20}.Debug|Any CPU.ActiveCfg = Debug|Any CPU
		{BFAA052D-4410-4A5A-84BD-1C104198DC20}.Debug|Any CPU.Build.0 = Debug|Any CPU
		{BFAA052D-4410-4A5A-84BD-1C104198DC20}.Release|Any CPU.ActiveCfg = Release|Any CPU
		{BFAA052D-4410-4A5A-84BD-1C104198DC20}.Release|Any CPU.Build.0 = Release|Any CPU
		{079357E8-A245-4804-98F4-7F7D3947B55B}.Debug|Any CPU.ActiveCfg = Debug|Any CPU
		{079357E8-A245-4804-98F4-7F7D3947B55B}.Debug|Any CPU.Build.0 = Debug|Any CPU
		{079357E8-A245-4804-98F4-7F7D3947B55B}.Release|Any CPU.ActiveCfg = Release|Any CPU
		{079357E8-A245-4804-98F4-7F7D3947B55B}.Release|Any CPU.Build.0 = Release|Any CPU
		{214323EB-66FB-4461-8771-BF9B09E297ED}.Debug|Any CPU.ActiveCfg = Debug|Any CPU
		{214323EB-66FB-4461-8771-BF9B09E297ED}.Debug|Any CPU.Build.0 = Debug|Any CPU
		{214323EB-66FB-4461-8771-BF9B09E297ED}.Release|Any CPU.ActiveCfg = Release|Any CPU
		{214323EB-66FB-4461-8771-BF9B09E297ED}.Release|Any CPU.Build.0 = Release|Any CPU
		{98D3CA27-4233-4A9E-9A48-7C186446CD11}.Debug|Any CPU.ActiveCfg = Debug|Any CPU
		{98D3CA27-4233-4A9E-9A48-7C186446CD11}.Debug|Any CPU.Build.0 = Debug|Any CPU
		{98D3CA27-4233-4A9E-9A48-7C186446CD11}.Release|Any CPU.ActiveCfg = Release|Any CPU
		{98D3CA27-4233-4A9E-9A48-7C186446CD11}.Release|Any CPU.Build.0 = Release|Any CPU
		{EED386E9-C081-42ED-8E2D-DDEE0E528516}.Debug|Any CPU.ActiveCfg = Debug|Any CPU
		{EED386E9-C081-42ED-8E2D-DDEE0E528516}.Debug|Any CPU.Build.0 = Debug|Any CPU
		{EED386E9-C081-42ED-8E2D-DDEE0E528516}.Release|Any CPU.ActiveCfg = Release|Any CPU
		{EED386E9-C081-42ED-8E2D-DDEE0E528516}.Release|Any CPU.Build.0 = Release|Any CPU
	EndGlobalSection
	GlobalSection(SolutionProperties) = preSolution
		HideSolutionNode = FALSE
	EndGlobalSection
	GlobalSection(NestedProjects) = preSolution
		{ADC12148-2A20-4955-8712-902F3D823BF5} = {1B09862E-B90D-4D4B-BB21-CDC334ADAB98}
		{0B4C2258-7DF2-45F0-B86E-F62C000E4A4A} = {ADC12148-2A20-4955-8712-902F3D823BF5}
		{89087BEB-0E99-4188-852F-67322AE3DA62} = {1B09862E-B90D-4D4B-BB21-CDC334ADAB98}
		{D33BFEB2-D770-420B-A8D3-D9335E6FF344} = {26576585-5DC5-49D0-B589-B2781270538F}
		{2D2E6201-DA48-46DA-A4A9-FEFC51A34C44} = {26576585-5DC5-49D0-B589-B2781270538F}
		{43A0DD48-E371-49B6-A6D6-DDFF10632274} = {89087BEB-0E99-4188-852F-67322AE3DA62}
		{CC8B4506-DD81-4685-9539-E6A2BAEB6EA6} = {5052DCD1-A0CD-41F9-85E2-2F67484740C0}
		{D54639E9-A0F7-47A3-8100-398AB73CEAB1} = {22BAD48F-84D8-4E1F-81AF-E8A702D4CF73}
		{11B3A755-1FA0-44CB-8F6D-F5BA7FEC0DDF} = {7D35570C-F2F4-445B-A3BA-B811FB8E99FF}
		{DA35585B-AD65-4D3E-BB52-067479F46599} = {26576585-5DC5-49D0-B589-B2781270538F}
		{248BA673-D892-46B1-8804-E74BDFD1CD50} = {0B4C2258-7DF2-45F0-B86E-F62C000E4A4A}
		{ECB66255-7711-4FA2-AF47-E685CBEC21EC} = {2D2E6201-DA48-46DA-A4A9-FEFC51A34C44}
		{5E42409D-2B74-4CAE-AF61-1CDF0E88E010} = {43A0DD48-E371-49B6-A6D6-DDFF10632274}
		{22BAD48F-84D8-4E1F-81AF-E8A702D4CF73} = {2D2E6201-DA48-46DA-A4A9-FEFC51A34C44}
		{6A72F8B3-9C0F-424A-B269-5BFAA707304A} = {D33BFEB2-D770-420B-A8D3-D9335E6FF344}
		{7D35570C-F2F4-445B-A3BA-B811FB8E99FF} = {43A0DD48-E371-49B6-A6D6-DDFF10632274}
		{5052DCD1-A0CD-41F9-85E2-2F67484740C0} = {0B4C2258-7DF2-45F0-B86E-F62C000E4A4A}
		{B1F5794A-ABFA-49FB-98FA-44491FB9619C} = {ECB66255-7711-4FA2-AF47-E685CBEC21EC}
		{DF4B0223-F0DE-48D2-8B3F-2F7ECE89B7CE} = {22BAD48F-84D8-4E1F-81AF-E8A702D4CF73}
		{78764FFF-ED77-45A7-9688-1971D0A60A1F} = {22BAD48F-84D8-4E1F-81AF-E8A702D4CF73}
		{29416D65-D52A-42E1-8A3B-F1F3341ADD51} = {6A72F8B3-9C0F-424A-B269-5BFAA707304A}
		{6F0D35F0-5879-49FC-92C2-84F32325A380} = {6A72F8B3-9C0F-424A-B269-5BFAA707304A}
		{25FD1AEC-84FA-473E-82EA-E239E58E4449} = {7D35570C-F2F4-445B-A3BA-B811FB8E99FF}
		{AB94C00D-CB12-467B-B6BB-64D52923BEE3} = {7D35570C-F2F4-445B-A3BA-B811FB8E99FF}
		{A9ECD75F-F891-416B-957F-E9D4297F1FC0} = {5E42409D-2B74-4CAE-AF61-1CDF0E88E010}
		{27DB90E3-C06E-435E-8981-B15F67B4FFDC} = {5052DCD1-A0CD-41F9-85E2-2F67484740C0}
		{E4A8AF00-3D5C-47C9-A7E0-C2D53221E73A} = {5052DCD1-A0CD-41F9-85E2-2F67484740C0}
		{BFAA052D-4410-4A5A-84BD-1C104198DC20} = {248BA673-D892-46B1-8804-E74BDFD1CD50}
		{079357E8-A245-4804-98F4-7F7D3947B55B} = {248BA673-D892-46B1-8804-E74BDFD1CD50}
		{214323EB-66FB-4461-8771-BF9B09E297ED} = {248BA673-D892-46B1-8804-E74BDFD1CD50}
		{98D3CA27-4233-4A9E-9A48-7C186446CD11} = {248BA673-D892-46B1-8804-E74BDFD1CD50}
	EndGlobalSection
	GlobalSection(ExtensibilityGlobals) = postSolution
		SolutionGuid = {13EAB81A-C6B2-4C22-B4DE-C6603FC445B6}
	EndGlobalSection
EndGlobal
